
Microsoft Visual Studio Solution File, Format Version 12.00
# Visual Studio Version 17
VisualStudioVersion = 17.8.34330.188
MinimumVisualStudioVersion = 10.0.40219.1
Project("{FAE04EC0-301F-11D3-BF4B-00C04F79EFBC}") = "Server", "Server\Server.csproj", "{962E0591-6090-4DFC-895A-3ECB5620B2C0}"
EndProject
Project("{FAE04EC0-301F-11D3-BF4B-00C04F79EFBC}") = "Client", "Client\Client.csproj", "{9F80FDD9-3B80-4F01-AA34-DEE5C6B25289}"
EndProject
Global
	GlobalSection(SolutionConfigurationPlatforms) = preSolution
		Debug|Any CPU = Debug|Any CPU
		Release|Any CPU = Release|Any CPU
	EndGlobalSection
	GlobalSection(ProjectConfigurationPlatforms) = postSolution
		{962E0591-6090-4DFC-895A-3ECB5620B2C0}.Debug|Any CPU.ActiveCfg = Debug|Any CPU
		{962E0591-6090-4DFC-895A-3ECB5620B2C0}.Debug|Any CPU.Build.0 = Debug|Any CPU
		{962E0591-6090-4DFC-895A-3ECB5620B2C0}.Release|Any CPU.ActiveCfg = Release|Any CPU
		{962E0591-6090-4DFC-895A-3ECB5620B2C0}.Release|Any CPU.Build.0 = Release|Any CPU
		{9F80FDD9-3B80-4F01-AA34-DEE5C6B25289}.Debug|Any CPU.ActiveCfg = Debug|Any CPU
		{9F80FDD9-3B80-4F01-AA34-DEE5C6B25289}.Debug|Any CPU.Build.0 = Debug|Any CPU
		{9F80FDD9-3B80-4F01-AA34-DEE5C6B25289}.Release|Any CPU.ActiveCfg = Release|Any CPU
		{9F80FDD9-3B80-4F01-AA34-DEE5C6B25289}.Release|Any CPU.Build.0 = Release|Any CPU
	EndGlobalSection
	GlobalSection(SolutionProperties) = preSolution
		HideSolutionNode = FALSE
	EndGlobalSection
	GlobalSection(ExtensibilityGlobals) = postSolution
		SolutionGuid = {3578134C-600D-463D-8DF8-1BE86BE7FD18}
	EndGlobalSection
EndGlobal
